{
    "transactions": {
        "order_metadata": {
            "browser": "unknown",
            "operating_system": "Linux",
            "user_agent": "Dalvik/2.1.0 (Linux; U; Android 14; A142 Build/UP1A.231005.007)",
            "partition_key": "2024-09-28T16:33:45",
            "last_updated": "2024-09-28T16:33:45Z",
            "order_reference_id": 21900334648,
            "device": null,
            "metadata": "{\"payment_links\":{\"iframe\":\"https://payments.juspay.in/payment-page/order/ordeh_3ace2a36cef04ccda4f3b8c0ec5ffe8d\",\"mobile\":\"https://payments.juspay.in/payment-page/order/ordeh_3ace2a36cef04ccda4f3b8c0ec5ffe8d\",\"web\":\"https://payments.juspay.in/payment-page/order/ordeh_3ace2a36cef04ccda4f3b8c0ec5ffe8d\"},\"payment_page_client_id\":\"bewakoof\"}",
            "id": 21863712238,
            "mobile": true,
            "ip_address": "2409:40c2:10c:9504:8000::",
            "date_created": "2024-09-28T16:33:45Z",
            "browser_version": "unknown",
            "referer": null
        },
        "list": [
            {
                "order_id": "202409289203531911",
                "status": "CHARGED",
                "response_category": {},
                "net_amount": 1548,
                "txn_amount_breakup": [
                    {
                        "amount": 1548,
                        "name": "BASE",
                        "method": "ADD",
                        "sno": 1
                    }
                ],
                "is_emi": false,
                "source_object": "REDIRECT_WALLET_DEBIT",
                "error_code": "",
                "gateway_id": 12,
                "refunds": [
                    {
                        "status_updated_at": "2024-10-26T10:12:11Z",
                        "order_id": "202409289203531911",
                        "status": "FAILURE",
                        "amount": 1149,
                        "sent_to_gateway": true,
                        "unique_request_id": "2319352",
                        "gateway": "PAYU",
                        "created": "2024-10-18T10:07:03Z",
                        "last_updated": "2024-10-26T10:12:11Z",
                        "initiated_by": "API",
                        "is_latest": true,
                        "refund_source": "PAYU",
                        "refund_arn": null,
                        "error_message": "Refund Request Queued",
                        "refund_parent_id": null,
                        "epg_txn_id": "15168587857",
                        "refund_reason": null,
                        "refund_retry_count": 0,
                        "txn_id": "bewakoof-202409289203531911-1",
                        "authorization_id": null,
                        "reference_id": "2319352",
                        "response_code": "102",
                        "refund_type": "STANDARD"
                    }
                ],
                "surcharge_amount": null,
                "is_cvv_less_txn": false,
                "txn_uuid": "mozrz1CPZePYhjLkXR2",
                "gateway": "PAYU",
                "created": "2024-09-28T16:33:47Z",
                "tax_amount": null,
                "effective_amount": 1548,
                "payment_gateway_response": {
                    "debit_amount": "1548",
                    "auth_id_code": "109784203151",
                    "created": "2024-09-28T16:33:57Z",
                    "rrn": "463896227821",
                    "epg_txn_id": "21097281366",
                    "txn_id": "bewakoof-202409289203531911-1",
                    "resp_message": "SUCCESS|Completed Using Callback",
                    "discount_amount": 0,
                    "resp_code": "success"
                },
                "txn_amount": 1548,
                "remaining_refundable_amount": "1548.0",
                "error_message": "",
                "payment_flows": [
                    {
                        "name": "REDIRECT_DEBIT",
                        "description": "Allow customer to complete the transaction in a redirection flow. "
                    }
                ],
                "txn_object_type": "ORDER_PAYMENT",
                "currency": "INR",
                "is_conflicted": false,
                "redirect": true,
                "source_object_id": null,
                "express_checkout": false,
                "txn_type": "AUTH_AND_SETTLE",
                "txn_id": "bewakoof-202409289203531911-1",
                "emi_bank": null,
                "emi_tenure": 0,
                "payment_info": {
                    "auth_type": "",
                    "payment_method": "GOOGLEPAY",
                    "payment_method_type": "WALLET",
                    "authentication": {}
                },
                "txn_flow_info": {}
            }
        ],
        "offset": 0,
        "count": 1,
        "capture_amount": 1548,
        "total": 1
    },
    "webhooks": [],
    "order": {
        "status": "SUCCESS",
        "amount": 1548,
        "merchantId": "bewakoof",
        "partitionKey": "2024-09-28T16:33:45",
        "billingAddressId": "16487959722",
        "orderUuid": "ordeh_3ace2a36cef04ccda4f3b8c0ec5ffe8d",
        "refundedEntirely": false,
        "customerName": "RiXXXXXXXXav",
        "amountRefunded": 0,
        "orderType": "ORDER_PAYMENT",
        "customerId": "cth_Fqrx5SNnCg2mht7Y",
        "returnUrl": "https://www.bewakoof.com/v1/orders/92035319/transactions?version=216",
        "dateCreated": "2024-09-28T16:33:45Z",
        "currency": "INR",
        "version": 1,
        "mandateFeature": "DISABLED",
        "internalMetadata": "{\"gateway_ref_ids\":{},\"is_cross_border_order\":\"false\",\"is_mutual_fund_order\":\"false\",\"pii_hash\":{\"customer_email_hash\":\"bafad8a0d27272476d70a0beafa57cc1a73c71c5391ac86a8949e93b8cd6385c\",\"customer_phone_hash\":\"305f0e94768a8cafbd4b5346c631be5a3001ce5b02ccdfcfc04b082c67550613\"}}",
        "metadata": "{\"get_payment_link_qr\":false}",
        "id": "21900334648",
        "customerPhone": "87XXXXXX57",
        "customerEmail": "rXXXXXXXXXXXX@gXXXXXXXXXXXX.com",
        "orderId": "202409289203531911",
        "lastModified": "2024-10-26T10:12:12Z",
        "description": ""
    },
    "notifications": []
}
