{"udf4"=>"", "refunds"=>[{"unique_request_id"=>"71058309_2", "ref"=>nil, "error_message"=>"", "status"=>"PENDING", "id"=>nil, "refund_type"=>"STANDARD", "error_code"=>nil, "created"=>"2025-07-30T10:04:39Z", "refund_source"=>"RAZORPAY", "amount"=>499, "initiated_by"=>"API", "sent_to_gateway"=>false}], "payer_vpa"=>"deeptvora-3@okicici", "maximum_eligible_refund_amount"=>2498, "udf8"=>"", "udf3"=>"", "udf6"=>"", "offers"=>[], "bank_error_code"=>"", "status"=>"CHARGED", "bank_pg"=>nil, "bank_error_message"=>"", "payer_app_name"=>"tez://upi/pay", "id"=>"ordeh_68e024f1333d40b1af8319062d26b411", "return_url"=>"https://www.bewakoof.com/order-confirmation", "txn_uuid"=>"mozfRpL4z1TtGMJCnB2", "gateway_id"=>23, "currency"=>"INR", "date_created"=>"2025-07-27T07:58:05Z", "udf2"=>"", "payment_links"=>{"mobile"=>"https://api.juspay.in/orders/ordeh_68e024f1333d40b1af8319062d26b411/payment-page", "web"=>"https://api.juspay.in/orders/ordeh_68e024f1333d40b1af8319062d26b411/payment-page", "iframe"=>"https://api.juspay.in/orders/ordeh_68e024f1333d40b1af8319062d26b411/payment-page"}, "customer_email"=>"deeptvora@gmail.com", "customer_phone"=>"8879193167", "udf5"=>"", "status_id"=>21, "merchant_id"=>"bewakoof", "udf9"=>"", "amount"=>2997, "refunded"=>false, "auth_type"=>"", "order_id"=>"bewakoof_10076624_97", "payment_method"=>"UPI", "udf7"=>"", "upi"=>{"txn_flow_type"=>"INTENT", "payer_vpa"=>"deeptvora-3@okicici", "payer_app"=>"tez://upi/pay"}, "udf10"=>"", "payment_gateway_response"=>{"epg_txn_id"=>"pay_Qy18wNSmnZ9lpJ", "debit_amount"=>"2997.0", "eci"=>nil, "resp_message"=>"", "created"=>"2025-07-27T07:58:15Z", "rrn"=>"520865325607", "resp_code"=>"captured", "auth_id_code"=>nil, "txn_id"=>"bewakoof-bewakoof_10076624_97-1"}, "effective_amount"=>2997, "txn_id"=>"bewakoof-bewakoof_10076624_97-1", "product_id"=>"", "customer_id"=>"cst_7ph2nztyrzitc6oz", "payment_method_type"=>"UPI", "amount_refunded"=>499, "udf1"=>""}